// !$*UTF8*$!
{
	archiveVersion = 1;
	classes = {
	};
	objectVersion = 56;
	objects = {

/* Begin PBXBuildFile section */
		1C97067E29A32A2000C0955A /* AppDelegate.swift in Sources */ = {isa = PBXBuildFile; fileRef = 1C97067D29A32A2000C0955A /* AppDelegate.swift */; };
		1C97068029A32A2000C0955A /* SceneDelegate.swift in Sources */ = {isa = PBXBuildFile; fileRef = 1C97067F29A32A2000C0955A /* SceneDelegate.swift */; };
		1C97068229A32A2000C0955A /* LoadImageViewController.swift in Sources */ = {isa = PBXBuildFile; fileRef = 1C97068129A32A2000C0955A /* LoadImageViewController.swift */; };
		1C97068529A32A2000C0955A /* Main.storyboard in Resources */ = {isa = PBXBuildFile; fileRef = 1C97068329A32A2000C0955A /* Main.storyboard */; };
		1C97068729A32A2200C0955A /* Assets.xcassets in Resources */ = {isa = PBXBuildFile; fileRef = 1C97068629A32A2200C0955A /* Assets.xcassets */; };
		1C97068A29A32A2200C0955A /* LaunchScreen.storyboard in Resources */ = {isa = PBXBuildFile; fileRef = 1C97068829A32A2200C0955A /* LaunchScreen.storyboard */; };
		1C9706A029A3BF6700C0955A /* LoadImagesView.swift in Sources */ = {isa = PBXBuildFile; fileRef = 1C97069F29A3BF6700C0955A /* LoadImagesView.swift */; };
/* End PBXBuildFile section */

/* Begin PBXFileReference section */
		1C97067A29A32A2000C0955A /* LoadImages.app */ = {isa = PBXFileReference; explicitFileType = wrapper.application; includeInIndex = 0; path = LoadImages.app; sourceTree = BUILT_PRODUCTS_DIR; };
		1C97067D29A32A2000C0955A /* AppDelegate.swift */ = {isa = PBXFileReference; lastKnownFileType = sourcecode.swift; path = AppDelegate.swift; sourceTree = "<group>"; };
		1C97067F29A32A2000C0955A /* SceneDelegate.swift */ = {isa = PBXFileReference; lastKnownFileType = sourcecode.swift; path = SceneDelegate.swift; sourceTree = "<group>"; };
		1C97068129A32A2000C0955A /* LoadImageViewController.swift */ = {isa = PBXFileReference; lastKnownFileType = sourcecode.swift; path = LoadImageViewController.swift; sourceTree = "<group>"; };
		1C97068429A32A2000C0955A /* Base */ = {isa = PBXFileReference; lastKnownFileType = file.storyboard; name = Base; path = Base.lproj/Main.storyboard; sourceTree = "<group>"; };
		1C97068629A32A2200C0955A /* Assets.xcassets */ = {isa = PBXFileReference; lastKnownFileType = folder.assetcatalog; path = Assets.xcassets; sourceTree = "<group>"; };
		1C97068929A32A2200C0955A /* Base */ = {isa = PBXFileReference; lastKnownFileType = file.storyboard; name = Base; path = Base.lproj/LaunchScreen.storyboard; sourceTree = "<group>"; };
		1C97068B29A32A2200C0955A /* Info.plist */ = {isa = PBXFileReference; lastKnownFileType = text.plist.xml; path = Info.plist; sourceTree = "<group>"; };
		1C97069F29A3BF6700C0955A /* LoadImagesView.swift */ = {isa = PBXFileReference; lastKnownFileType = sourcecode.swift; path = LoadImagesView.swift; sourceTree = "<group>"; };
/* End PBXFileReference section */

/* Begin PBXFrameworksBuildPhase section */
		1C97067729A32A2000C0955A /* Frameworks */ = {
			isa = PBXFrameworksBuildPhase;
			buildActionMask = 2147483647;
			files = (
			);
			runOnlyForDeploymentPostprocessing = 0;
		};
/* End PBXFrameworksBuildPhase section */

/* Begin PBXGroup section */
		1C97067129A32A2000C0955A = {
			isa = PBXGroup;
			children = (
				1C97067C29A32A2000C0955A /* LoadImages */,
				1C97067B29A32A2000C0955A /* Products */,
			);
			sourceTree = "<group>";
		};
		1C97067B29A32A2000C0955A /* Products */ = {
			isa = PBXGroup;
			children = (
				1C97067A29A32A2000C0955A /* LoadImages.app */,
			);
			name = Products;
			sourceTree = "<group>";
		};
		1C97067C29A32A2000C0955A /* LoadImages */ = {
			isa = PBXGroup;
			children = (
				1C97069C29A33FE000C0955A /* View */,
				1C97069B29A33FDB00C0955A /* Controller */,
				1C97069929A33FC600C0955A /* Supporting Files */,
				1C97068B29A32A2200C0955A /* Info.plist */,
			);
			path = LoadImages;
			sourceTree = "<group>";
		};
		1C97069929A33FC600C0955A /* Supporting Files */ = {
			isa = PBXGroup;
			children = (
				1C97067D29A32A2000C0955A /* AppDelegate.swift */,
				1C97067F29A32A2000C0955A /* SceneDelegate.swift */,
				1C97068329A32A2000C0955A /* Main.storyboard */,
				1C97068629A32A2200C0955A /* Assets.xcassets */,
				1C97068829A32A2200C0955A /* LaunchScreen.storyboard */,
			);
			path = "Supporting Files";
			sourceTree = "<group>";
		};
		1C97069B29A33FDB00C0955A /* Controller */ = {
			isa = PBXGroup;
			children = (
				1C97068129A32A2000C0955A /* LoadImageViewController.swift */,
			);
			path = Controller;
			sourceTree = "<group>";
		};
		1C97069C29A33FE000C0955A /* View */ = {
			isa = PBXGroup;
			children = (
				1C97069F29A3BF6700C0955A /* LoadImagesView.swift */,
			);
			path = View;
			sourceTree = "<group>";
		};
/* End PBXGroup section */

/* Begin PBXNativeTarget section */
		1C97067929A32A2000C0955A /* LoadImages */ = {
			isa = PBXNativeTarget;
			buildConfigurationList = 1C97068E29A32A2200C0955A /* Build configuration list for PBXNativeTarget "LoadImages" */;
			buildPhases = (
				1C97067629A32A2000C0955A /* Sources */,
				1C97067729A32A2000C0955A /* Frameworks */,
				1C97067829A32A2000C0955A /* Resources */,
			);
			buildRules = (
			);
			dependencies = (
			);
			name = LoadImages;
			productName = LoadImages;
			productReference = 1C97067A29A32A2000C0955A /* LoadImages.app */;
			productType = "com.apple.product-type.application";
		};
/* End PBXNativeTarget section */

/* Begin PBXProject section */
		1C97067229A32A2000C0955A /* Project object */ = {
			isa = PBXProject;
			attributes = {
				BuildIndependentTargetsInParallel = 1;
				LastSwiftUpdateCheck = 1420;
				LastUpgradeCheck = 1420;
				TargetAttributes = {
					1C97067929A32A2000C0955A = {
						CreatedOnToolsVersion = 14.2;
					};
				};
			};
			buildConfigurationList = 1C97067529A32A2000C0955A /* Build configuration list for PBXProject "LoadImages" */;
			compatibilityVersion = "Xcode 14.0";
			developmentRegion = en;
			hasScannedForEncodings = 0;
			knownRegions = (
				en,
				Base,
			);
			mainGroup = 1C97067129A32A2000C0955A;
			productRefGroup = 1C97067B29A32A2000C0955A /* Products */;
			projectDirPath = "";
			projectRoot = "";
			targets = (
				1C97067929A32A2000C0955A /* LoadImages */,
			);
		};
/* End PBXProject section */

/* Begin PBXResourcesBuildPhase section */
		1C97067829A32A2000C0955A /* Resources */ = {
			isa = PBXResourcesBuildPhase;
			buildActionMask = 2147483647;
			files = (
				1C97068A29A32A2200C0955A /* LaunchScreen.storyboard in Resources */,
				1C97068729A32A2200C0955A /* Assets.xcassets in Resources */,
				1C97068529A32A2000C0955A /* Main.storyboard in Resources */,
			);
			runOnlyForDeploymentPostprocessing = 0;
		};
/* End PBXResourcesBuildPhase section */

/* Begin PBXSourcesBuildPhase section */
		1C97067629A32A2000C0955A /* Sources */ = {
			isa = PBXSourcesBuildPhase;
			buildActionMask = 2147483647;
			files = (
				1C9706A029A3BF6700C0955A /* LoadImagesView.swift in Sources */,
				1C97068229A32A2000C0955A /* LoadImageViewController.swift in Sources */,
				1C97067E29A32A2000C0955A /* AppDelegate.swift in Sources */,
				1C97068029A32A2000C0955A /* SceneDelegate.swift in Sources */,
			);
			runOnlyForDeploymentPostprocessing = 0;
		};
/* End PBXSourcesBuildPhase section */

/* Begin PBXVariantGroup section */
		1C97068329A32A2000C0955A /* Main.storyboard */ = {
			isa = PBXVariantGroup;
			children = (
				1C97068429A32A2000C0955A /* Base */,
			);
			name = Main.storyboard;
			sourceTree = "<group>";
		};
		1C97068829A32A2200C0955A /* LaunchScreen.storyboard */ = {
			isa = PBXVariantGroup;
			children = (
				1C97068929A32A2200C0955A /* Base */,
			);
			name = LaunchScreen.storyboard;
			sourceTree = "<group>";
		};
/* End PBXVariantGroup section */

/* Begin XCBuildConfiguration section */
		1C97068C29A32A2200C0955A /* Debug */ = {
			isa = XCBuildConfiguration;
			buildSettings = {
				ALWAYS_SEARCH_USER_PATHS = NO;
				CLANG_ANALYZER_NONNULL = YES;
				CLANG_ANALYZER_NUMBER_OBJECT_CONVERSION = YES_AGGRESSIVE;
				CLANG_CXX_LANGUAGE_STANDARD = "gnu++20";
				CLANG_ENABLE_MODULES = YES;
				CLANG_ENABLE_OBJC_ARC = YES;
				CLANG_ENABLE_OBJC_WEAK = YES;
				CLANG_WARN_BLOCK_CAPTURE_AUTORELEASING = YES;
				CLANG_WARN_BOOL_CONVERSION = YES;
				CLANG_WARN_COMMA = YES;
				CLANG_WARN_CONSTANT_CONVERSION = YES;
				CLANG_WARN_DEPRECATED_OBJC_IMPLEMENTATIONS = YES;
				CLANG_WARN_DIRECT_OBJC_ISA_USAGE = YES_ERROR;
				CLANG_WARN_DOCUMENTATION_COMMENTS = YES;
				CLANG_WARN_EMPTY_BODY = YES;
				CLANG_WARN_ENUM_CONVERSION = YES;
				CLANG_WARN_INFINITE_RECURSION = YES;
				CLANG_WARN_INT_CONVERSION = YES;
				CLANG_WARN_NON_LITERAL_NULL_CONVERSION = YES;
				CLANG_WARN_OBJC_IMPLICIT_RETAIN_SELF = YES;
				CLANG_WARN_OBJC_LITERAL_CONVERSION = YES;
				CLANG_WARN_OBJC_ROOT_CLASS = YES_ERROR;
				CLANG_WARN_QUOTED_INCLUDE_IN_FRAMEWORK_HEADER = YES;
				CLANG_WARN_RANGE_LOOP_ANALYSIS = YES;
				CLANG_WARN_STRICT_PROTOTYPES = YES;
				CLANG_WARN_SUSPICIOUS_MOVE = YES;
				CLANG_WARN_UNGUARDED_AVAILABILITY = YES_AGGRESSIVE;
				CLANG_WARN_UNREACHABLE_CODE = YES;
				CLANG_WARN__DUPLICATE_METHOD_MATCH = YES;
				COPY_PHASE_STRIP = NO;
				DEBUG_INFORMATION_FORMAT = dwarf;
				ENABLE_STRICT_OBJC_MSGSEND = YES;
				ENABLE_TESTABILITY = YES;
				GCC_C_LANGUAGE_STANDARD = gnu11;
				GCC_DYNAMIC_NO_PIC = NO;
				GCC_NO_COMMON_BLOCKS = YES;
				GCC_OPTIMIZATION_LEVEL = 0;
				GCC_PREPROCESSOR_DEFINITIONS = (
					"DEBUG=1",
					"$(inherited)",
				);
				GCC_WARN_64_TO_32_BIT_CONVERSION = YES;
				GCC_WARN_ABOUT_RETURN_TYPE = YES_ERROR;
				GCC_WARN_UNDECLARED_SELECTOR = YES;
				GCC_WARN_UNINITIALIZED_AUTOS = YES_AGGRESSIVE;
				GCC_WARN_UNUSED_FUNCTION = YES;
				GCC_WARN_UNUSED_VARIABLE = YES;
				IPHONEOS_DEPLOYMENT_TARGET = 16.2;
				MTL_ENABLE_DEBUG_INFO = INCLUDE_SOURCE;
				MTL_FAST_MATH = YES;
				ONLY_ACTIVE_ARCH = YES;
				SDKROOT = iphoneos;
				SWIFT_ACTIVE_COMPILATION_CONDITIONS = DEBUG;
				SWIFT_OPTIMIZATION_LEVEL = "-Onone";
			};
			name = Debug;
		};
		1C97068D29A32A2200C0955A /* Release */ = {
			isa = XCBuildConfiguration;
			buildSettings = {
				ALWAYS_SEARCH_USER_PATHS = NO;
				CLANG_ANALYZER_NONNULL = YES;
				CLANG_ANALYZER_NUMBER_OBJECT_CONVERSION = YES_AGGRESSIVE;
				CLANG_CXX_LANGUAGE_STANDARD = "gnu++20";
				CLANG_ENABLE_MODULES = YES;
				CLANG_ENABLE_OBJC_ARC = YES;
				CLANG_ENABLE_OBJC_WEAK = YES;
				CLANG_WARN_BLOCK_CAPTURE_AUTORELEASING = YES;
				CLANG_WARN_BOOL_CONVERSION = YES;
				CLANG_WARN_COMMA = YES;
				CLANG_WARN_CONSTANT_CONVERSION = YES;
				CLANG_WARN_DEPRECATED_OBJC_IMPLEMENTATIONS = YES;
				CLANG_WARN_DIRECT_OBJC_ISA_USAGE = YES_ERROR;
				CLANG_WARN_DOCUMENTATION_COMMENTS = YES;
				CLANG_WARN_EMPTY_BODY = YES;
				CLANG_WARN_ENUM_CONVERSION = YES;
				CLANG_WARN_INFINITE_RECURSION = YES;
				CLANG_WARN_INT_CONVERSION = YES;
				CLANG_WARN_NON_LITERAL_NULL_CONVERSION = YES;
				CLANG_WARN_OBJC_IMPLICIT_RETAIN_SELF = YES;
				CLANG_WARN_OBJC_LITERAL_CONVERSION = YES;
				CLANG_WARN_OBJC_ROOT_CLASS = YES_ERROR;
				CLANG_WARN_QUOTED_INCLUDE_IN_FRAMEWORK_HEADER = YES;
				CLANG_WARN_RANGE_LOOP_ANALYSIS = YES;
				CLANG_WARN_STRICT_PROTOTYPES = YES;
				CLANG_WARN_SUSPICIOUS_MOVE = YES;
				CLANG_WARN_UNGUARDED_AVAILABILITY = YES_AGGRESSIVE;
				CLANG_WARN_UNREACHABLE_CODE = YES;
				CLANG_WARN__DUPLICATE_METHOD_MATCH = YES;
				COPY_PHASE_STRIP = NO;
				DEBUG_INFORMATION_FORMAT = "dwarf-with-dsym";
				ENABLE_NS_ASSERTIONS = NO;
				ENABLE_STRICT_OBJC_MSGSEND = YES;
				GCC_C_LANGUAGE_STANDARD = gnu11;
				GCC_NO_COMMON_BLOCKS = YES;
				GCC_WARN_64_TO_32_BIT_CONVERSION = YES;
				GCC_WARN_ABOUT_RETURN_TYPE = YES_ERROR;
				GCC_WARN_UNDECLARED_SELECTOR = YES;
				GCC_WARN_UNINITIALIZED_AUTOS = YES_AGGRESSIVE;
				GCC_WARN_UNUSED_FUNCTION = YES;
				GCC_WARN_UNUSED_VARIABLE = YES;
				IPHONEOS_DEPLOYMENT_TARGET = 16.2;
				MTL_ENABLE_DEBUG_INFO = NO;
				MTL_FAST_MATH = YES;
				SDKROOT = iphoneos;
				SWIFT_COMPILATION_MODE = wholemodule;
				SWIFT_OPTIMIZATION_LEVEL = "-O";
				VALIDATE_PRODUCT = YES;
			};
			name = Release;
		};
		1C97068F29A32A2200C0955A /* Debug */ = {
			isa = XCBuildConfiguration;
			buildSettings = {
				ASSETCATALOG_COMPILER_APPICON_NAME = AppIcon;
				ASSETCATALOG_COMPILER_GLOBAL_ACCENT_COLOR_NAME = AccentColor;
				CODE_SIGN_STYLE = Automatic;
				CURRENT_PROJECT_VERSION = 1;
				DEVELOPMENT_TEAM = XBK9RNRMN8;
				GENERATE_INFOPLIST_FILE = YES;
				INFOPLIST_FILE = LoadImages/Info.plist;
				INFOPLIST_KEY_UIApplicationSupportsIndirectInputEvents = YES;
				INFOPLIST_KEY_UILaunchStoryboardName = LaunchScreen;
				INFOPLIST_KEY_UIMainStoryboardFile = Main;
				INFOPLIST_KEY_UISupportedInterfaceOrientations_iPad = "UIInterfaceOrientationPortrait UIInterfaceOrientationPortraitUpsideDown UIInterfaceOrientationLandscapeLeft UIInterfaceOrientationLandscapeRight";
				INFOPLIST_KEY_UISupportedInterfaceOrientations_iPhone = "UIInterfaceOrientationPortrait UIInterfaceOrientationLandscapeLeft UIInterfaceOrientationLandscapeRight";
				IPHONEOS_DEPLOYMENT_TARGET = 16.0;
				LD_RUNPATH_SEARCH_PATHS = (
					"$(inherited)",
					"@executable_path/Frameworks",
				);
				MARKETING_VERSION = 1.0;
				PRODUCT_BUNDLE_IDENTIFIER = hyeri.LoadImages;
				PRODUCT_NAME = "$(TARGET_NAME)";
				SWIFT_EMIT_LOC_STRINGS = YES;
				SWIFT_VERSION = 5.0;
				TARGETED_DEVICE_FAMILY = "1,2";
			};
			name = Debug;
		};
		1C97069029A32A2200C0955A /* Release */ = {
			isa = XCBuildConfiguration;
			buildSettings = {
				ASSETCATALOG_COMPILER_APPICON_NAME = AppIcon;
				ASSETCATALOG_COMPILER_GLOBAL_ACCENT_COLOR_NAME = AccentColor;
				CODE_SIGN_STYLE = Automatic;
				CURRENT_PROJECT_VERSION = 1;
				DEVELOPMENT_TEAM = XBK9RNRMN8;
				GENERATE_INFOPLIST_FILE = YES;
				INFOPLIST_FILE = LoadImages/Info.plist;
				INFOPLIST_KEY_UIApplicationSupportsIndirectInputEvents = YES;
				INFOPLIST_KEY_UILaunchStoryboardName = LaunchScreen;
				INFOPLIST_KEY_UIMainStoryboardFile = Main;
				INFOPLIST_KEY_UISupportedInterfaceOrientations_iPad = "UIInterfaceOrientationPortrait UIInterfaceOrientationPortraitUpsideDown UIInterfaceOrientationLandscapeLeft UIInterfaceOrientationLandscapeRight";
				INFOPLIST_KEY_UISupportedInterfaceOrientations_iPhone = "UIInterfaceOrientationPortrait UIInterfaceOrientationLandscapeLeft UIInterfaceOrientationLandscapeRight";
				IPHONEOS_DEPLOYMENT_TARGET = 16.0;
				LD_RUNPATH_SEARCH_PATHS = (
					"$(inherited)",
					"@executable_path/Frameworks",
				);
				MARKETING_VERSION = 1.0;
				PRODUCT_BUNDLE_IDENTIFIER = hyeri.LoadImages;
				PRODUCT_NAME = "$(TARGET_NAME)";
				SWIFT_EMIT_LOC_STRINGS = YES;
				SWIFT_VERSION = 5.0;
				TARGETED_DEVICE_FAMILY = "1,2";
			};
			name = Release;
		};
/* End XCBuildConfiguration section */

/* Begin XCConfigurationList section */
		1C97067529A32A2000C0955A /* Build configuration list for PBXProject "LoadImages" */ = {
			isa = XCConfigurationList;
			buildConfigurations = (
				1C97068C29A32A2200C0955A /* Debug */,
				1C97068D29A32A2200C0955A /* Release */,
			);
			defaultConfigurationIsVisible = 0;
			defaultConfigurationName = Release;
		};
		1C97068E29A32A2200C0955A /* Build configuration list for PBXNativeTarget "LoadImages" */ = {
			isa = XCConfigurationList;
			buildConfigurations = (
				1C97068F29A32A2200C0955A /* Debug */,
				1C97069029A32A2200C0955A /* Release */,
			);
			defaultConfigurationIsVisible = 0;
			defaultConfigurationName = Release;
		};
/* End XCConfigurationList section */
	};
	rootObject = 1C97067229A32A2000C0955A /* Project object */;
}
